
Microsoft Visual Studio Solution File, Format Version 12.00
# Visual Studio Version 16
VisualStudioVersion = 16.0.31729.503
MinimumVisualStudioVersion = 10.0.40219.1
Project("{FAE04EC0-301F-11D3-BF4B-00C04F79EFBC}") = "Condicionales", "Condicionales\Condicionales.csproj", "{095784E2-4C66-4F6F-AF90-E5507D019E3A}"
EndProject
Global
	GlobalSection(SolutionConfigurationPlatforms) = preSolution
		Debug|Any CPU = Debug|Any CPU
		Release|Any CPU = Release|Any CPU
	EndGlobalSection
	GlobalSection(ProjectConfigurationPlatforms) = postSolution
		{095784E2-4C66-4F6F-AF90-E5507D019E3A}.Debug|Any CPU.ActiveCfg = Debug|Any CPU
		{095784E2-4C66-4F6F-AF90-E5507D019E3A}.Debug|Any CPU.Build.0 = Debug|Any CPU
		{095784E2-4C66-4F6F-AF90-E5507D019E3A}.Release|Any CPU.ActiveCfg = Release|Any CPU
		{095784E2-4C66-4F6F-AF90-E5507D019E3A}.Release|Any CPU.Build.0 = Release|Any CPU
	EndGlobalSection
	GlobalSection(SolutionProperties) = preSolution
		HideSolutionNode = FALSE
	EndGlobalSection
	GlobalSection(ExtensibilityGlobals) = postSolution
		SolutionGuid = {29789D3D-4991-41E3-83F0-3CD387BE9DAB}
	EndGlobalSection
EndGlobal
